
Microsoft Visual Studio Solution File, Format Version 12.00
# Visual Studio 15
VisualStudioVersion = 15.0.28307.539
MinimumVisualStudioVersion = 10.0.40219.1
Project("{FAE04EC0-301F-11D3-BF4B-00C04F79EFBC}") = "Vira.Core", "Vira.Core\Vira.Core.csproj", "{DE19EAE6-6D8C-4A89-BC7B-79CB1BA622C4}"
EndProject
Project("{FAE04EC0-301F-11D3-BF4B-00C04F79EFBC}") = "Vira.Data", "Vira.Data\Vira.Data.csproj", "{10891711-D651-4507-857A-AF99FCDF75D2}"
EndProject
Project("{FAE04EC0-301F-11D3-BF4B-00C04F79EFBC}") = "Vira.Web", "Presentation\Vira.Web\Vira.Web.csproj", "{63728395-83C1-4FD7-B264-DC69F9646356}"
EndProject
Project("{FAE04EC0-301F-11D3-BF4B-00C04F79EFBC}") = "Vira.Services", "Vira.Services\Vira.Services.csproj", "{A8C26B24-96AC-4B6F-B6D8-140F3BF844B0}"
EndProject
Global
	GlobalSection(SolutionConfigurationPlatforms) = preSolution
		Debug|Any CPU = Debug|Any CPU
		Release|Any CPU = Release|Any CPU
	EndGlobalSection
	GlobalSection(ProjectConfigurationPlatforms) = postSolution
		{DE19EAE6-6D8C-4A89-BC7B-79CB1BA622C4}.Debug|Any CPU.ActiveCfg = Debug|Any CPU
		{DE19EAE6-6D8C-4A89-BC7B-79CB1BA622C4}.Debug|Any CPU.Build.0 = Debug|Any CPU
		{DE19EAE6-6D8C-4A89-BC7B-79CB1BA622C4}.Release|Any CPU.ActiveCfg = Release|Any CPU
		{DE19EAE6-6D8C-4A89-BC7B-79CB1BA622C4}.Release|Any CPU.Build.0 = Release|Any CPU
		{10891711-D651-4507-857A-AF99FCDF75D2}.Debug|Any CPU.ActiveCfg = Debug|Any CPU
		{10891711-D651-4507-857A-AF99FCDF75D2}.Debug|Any CPU.Build.0 = Debug|Any CPU
		{10891711-D651-4507-857A-AF99FCDF75D2}.Release|Any CPU.ActiveCfg = Release|Any CPU
		{10891711-D651-4507-857A-AF99FCDF75D2}.Release|Any CPU.Build.0 = Release|Any CPU
		{63728395-83C1-4FD7-B264-DC69F9646356}.Debug|Any CPU.ActiveCfg = Debug|Any CPU
		{63728395-83C1-4FD7-B264-DC69F9646356}.Debug|Any CPU.Build.0 = Debug|Any CPU
		{63728395-83C1-4FD7-B264-DC69F9646356}.Release|Any CPU.ActiveCfg = Release|Any CPU
		{63728395-83C1-4FD7-B264-DC69F9646356}.Release|Any CPU.Build.0 = Release|Any CPU
		{A8C26B24-96AC-4B6F-B6D8-140F3BF844B0}.Debug|Any CPU.ActiveCfg = Debug|Any CPU
		{A8C26B24-96AC-4B6F-B6D8-140F3BF844B0}.Debug|Any CPU.Build.0 = Debug|Any CPU
		{A8C26B24-96AC-4B6F-B6D8-140F3BF844B0}.Release|Any CPU.ActiveCfg = Release|Any CPU
		{A8C26B24-96AC-4B6F-B6D8-140F3BF844B0}.Release|Any CPU.Build.0 = Release|Any CPU
	EndGlobalSection
	GlobalSection(SolutionProperties) = preSolution
		HideSolutionNode = FALSE
	EndGlobalSection
	GlobalSection(ExtensibilityGlobals) = postSolution
		SolutionGuid = {097ADAE5-54D9-453D-90E9-4AFFD37C36D5}
	EndGlobalSection
EndGlobal
